// !$*UTF8*$!
{
	archiveVersion = 1;
	classes = {
	};
	objectVersion = 56;
	objects = {

/* Begin PBXBuildFile section */
		9F1413BB2ABE3A8A004FF880 /* AppDelegate.swift in Sources */ = {isa = PBXBuildFile; fileRef = 9F1413BA2ABE3A8A004FF880 /* AppDelegate.swift */; };
		9F1413BD2ABE3A8A004FF880 /* SceneDelegate.swift in Sources */ = {isa = PBXBuildFile; fileRef = 9F1413BC2ABE3A8A004FF880 /* SceneDelegate.swift */; };
		9F1413BF2ABE3A8A004FF880 /* ViewController.swift in Sources */ = {isa = PBXBuildFile; fileRef = 9F1413BE2ABE3A8A004FF880 /* ViewController.swift */; };
		9F1413C22ABE3A8A004FF880 /* Main.storyboard in Resources */ = {isa = PBXBuildFile; fileRef = 9F1413C02ABE3A8A004FF880 /* Main.storyboard */; };
		9F1413C42ABE3A8D004FF880 /* Assets.xcassets in Resources */ = {isa = PBXBuildFile; fileRef = 9F1413C32ABE3A8D004FF880 /* Assets.xcassets */; };
		9F1413C72ABE3A8D004FF880 /* LaunchScreen.storyboard in Resources */ = {isa = PBXBuildFile; fileRef = 9F1413C52ABE3A8D004FF880 /* LaunchScreen.storyboard */; };
		9F1413D22ABE3A8D004FF880 /* Assignment_1Tests.swift in Sources */ = {isa = PBXBuildFile; fileRef = 9F1413D12ABE3A8D004FF880 /* Assignment_1Tests.swift */; };
		9F1413DC2ABE3A8D004FF880 /* Assignment_1UITests.swift in Sources */ = {isa = PBXBuildFile; fileRef = 9F1413DB2ABE3A8D004FF880 /* Assignment_1UITests.swift */; };
		9F1413DE2ABE3A8D004FF880 /* Assignment_1UITestsLaunchTests.swift in Sources */ = {isa = PBXBuildFile; fileRef = 9F1413DD2ABE3A8D004FF880 /* Assignment_1UITestsLaunchTests.swift */; };
		9F1413EB2ABE3AAA004FF880 /* Model.swift in Sources */ = {isa = PBXBuildFile; fileRef = 9F1413EA2ABE3AAA004FF880 /* Model.swift */; };
/* End PBXBuildFile section */

/* Begin PBXContainerItemProxy section */
		9F1413CE2ABE3A8D004FF880 /* PBXContainerItemProxy */ = {
			isa = PBXContainerItemProxy;
			containerPortal = 9F1413AF2ABE3A8A004FF880 /* Project object */;
			proxyType = 1;
			remoteGlobalIDString = 9F1413B62ABE3A8A004FF880;
			remoteInfo = Assignment_1;
		};
		9F1413D82ABE3A8D004FF880 /* PBXContainerItemProxy */ = {
			isa = PBXContainerItemProxy;
			containerPortal = 9F1413AF2ABE3A8A004FF880 /* Project object */;
			proxyType = 1;
			remoteGlobalIDString = 9F1413B62ABE3A8A004FF880;
			remoteInfo = Assignment_1;
		};
/* End PBXContainerItemProxy section */

/* Begin PBXFileReference section */
		9F1413B72ABE3A8A004FF880 /* Assignment_1.app */ = {isa = PBXFileReference; explicitFileType = wrapper.application; includeInIndex = 0; path = Assignment_1.app; sourceTree = BUILT_PRODUCTS_DIR; };
		9F1413BA2ABE3A8A004FF880 /* AppDelegate.swift */ = {isa = PBXFileReference; lastKnownFileType = sourcecode.swift; path = AppDelegate.swift; sourceTree = "<group>"; };
		9F1413BC2ABE3A8A004FF880 /* SceneDelegate.swift */ = {isa = PBXFileReference; lastKnownFileType = sourcecode.swift; path = SceneDelegate.swift; sourceTree = "<group>"; };
		9F1413BE2ABE3A8A004FF880 /* ViewController.swift */ = {isa = PBXFileReference; lastKnownFileType = sourcecode.swift; path = ViewController.swift; sourceTree = "<group>"; };
		9F1413C12ABE3A8A004FF880 /* Base */ = {isa = PBXFileReference; lastKnownFileType = file.storyboard; name = Base; path = Base.lproj/Main.storyboard; sourceTree = "<group>"; };
		9F1413C32ABE3A8D004FF880 /* Assets.xcassets */ = {isa = PBXFileReference; lastKnownFileType = folder.assetcatalog; path = Assets.xcassets; sourceTree = "<group>"; };
		9F1413C62ABE3A8D004FF880 /* Base */ = {isa = PBXFileReference; lastKnownFileType = file.storyboard; name = Base; path = Base.lproj/LaunchScreen.storyboard; sourceTree = "<group>"; };
		9F1413C82ABE3A8D004FF880 /* Info.plist */ = {isa = PBXFileReference; lastKnownFileType = text.plist.xml; path = Info.plist; sourceTree = "<group>"; };
		9F1413CD2ABE3A8D004FF880 /* Assignment_1Tests.xctest */ = {isa = PBXFileReference; explicitFileType = wrapper.cfbundle; includeInIndex = 0; path = Assignment_1Tests.xctest; sourceTree = BUILT_PRODUCTS_DIR; };
		9F1413D12ABE3A8D004FF880 /* Assignment_1Tests.swift */ = {isa = PBXFileReference; lastKnownFileType = sourcecode.swift; path = Assignment_1Tests.swift; sourceTree = "<group>"; };
		9F1413D72ABE3A8D004FF880 /* Assignment_1UITests.xctest */ = {isa = PBXFileReference; explicitFileType = wrapper.cfbundle; includeInIndex = 0; path = Assignment_1UITests.xctest; sourceTree = BUILT_PRODUCTS_DIR; };
		9F1413DB2ABE3A8D004FF880 /* Assignment_1UITests.swift */ = {isa = PBXFileReference; lastKnownFileType = sourcecode.swift; path = Assignment_1UITests.swift; sourceTree = "<group>"; };
		9F1413DD2ABE3A8D004FF880 /* Assignment_1UITestsLaunchTests.swift */ = {isa = PBXFileReference; lastKnownFileType = sourcecode.swift; path = Assignment_1UITestsLaunchTests.swift; sourceTree = "<group>"; };
		9F1413EA2ABE3AAA004FF880 /* Model.swift */ = {isa = PBXFileReference; lastKnownFileType = sourcecode.swift; path = Model.swift; sourceTree = "<group>"; };
/* End PBXFileReference section */

/* Begin PBXFrameworksBuildPhase section */
		9F1413B42ABE3A8A004FF880 /* Frameworks */ = {
			isa = PBXFrameworksBuildPhase;
			buildActionMask = 2147483647;
			files = (
			);
			runOnlyForDeploymentPostprocessing = 0;
		};
		9F1413CA2ABE3A8D004FF880 /* Frameworks */ = {
			isa = PBXFrameworksBuildPhase;
			buildActionMask = 2147483647;
			files = (
			);
			runOnlyForDeploymentPostprocessing = 0;
		};
		9F1413D42ABE3A8D004FF880 /* Frameworks */ = {
			isa = PBXFrameworksBuildPhase;
			buildActionMask = 2147483647;
			files = (
			);
			runOnlyForDeploymentPostprocessing = 0;
		};
/* End PBXFrameworksBuildPhase section */

/* Begin PBXGroup section */
		9F1413AE2ABE3A8A004FF880 = {
			isa = PBXGroup;
			children = (
				9F1413B92ABE3A8A004FF880 /* Assignment_1 */,
				9F1413D02ABE3A8D004FF880 /* Assignment_1Tests */,
				9F1413DA2ABE3A8D004FF880 /* Assignment_1UITests */,
				9F1413B82ABE3A8A004FF880 /* Products */,
			);
			sourceTree = "<group>";
		};
		9F1413B82ABE3A8A004FF880 /* Products */ = {
			isa = PBXGroup;
			children = (
				9F1413B72ABE3A8A004FF880 /* Assignment_1.app */,
				9F1413CD2ABE3A8D004FF880 /* Assignment_1Tests.xctest */,
				9F1413D72ABE3A8D004FF880 /* Assignment_1UITests.xctest */,
			);
			name = Products;
			sourceTree = "<group>";
		};
		9F1413B92ABE3A8A004FF880 /* Assignment_1 */ = {
			isa = PBXGroup;
			children = (
				9F1413BA2ABE3A8A004FF880 /* AppDelegate.swift */,
				9F1413BC2ABE3A8A004FF880 /* SceneDelegate.swift */,
				9F1413BE2ABE3A8A004FF880 /* ViewController.swift */,
				9F1413EA2ABE3AAA004FF880 /* Model.swift */,
				9F1413C02ABE3A8A004FF880 /* Main.storyboard */,
				9F1413C32ABE3A8D004FF880 /* Assets.xcassets */,
				9F1413C52ABE3A8D004FF880 /* LaunchScreen.storyboard */,
				9F1413C82ABE3A8D004FF880 /* Info.plist */,
			);
			path = Assignment_1;
			sourceTree = "<group>";
		};
		9F1413D02ABE3A8D004FF880 /* Assignment_1Tests */ = {
			isa = PBXGroup;
			children = (
				9F1413D12ABE3A8D004FF880 /* Assignment_1Tests.swift */,
			);
			path = Assignment_1Tests;
			sourceTree = "<group>";
		};
		9F1413DA2ABE3A8D004FF880 /* Assignment_1UITests */ = {
			isa = PBXGroup;
			children = (
				9F1413DB2ABE3A8D004FF880 /* Assignment_1UITests.swift */,
				9F1413DD2ABE3A8D004FF880 /* Assignment_1UITestsLaunchTests.swift */,
			);
			path = Assignment_1UITests;
			sourceTree = "<group>";
		};
/* End PBXGroup section */

/* Begin PBXNativeTarget section */
		9F1413B62ABE3A8A004FF880 /* Assignment_1 */ = {
			isa = PBXNativeTarget;
			buildConfigurationList = 9F1413E12ABE3A8D004FF880 /* Build configuration list for PBXNativeTarget "Assignment_1" */;
			buildPhases = (
				9F1413B32ABE3A8A004FF880 /* Sources */,
				9F1413B42ABE3A8A004FF880 /* Frameworks */,
				9F1413B52ABE3A8A004FF880 /* Resources */,
			);
			buildRules = (
			);
			dependencies = (
			);
			name = Assignment_1;
			productName = Assignment_1;
			productReference = 9F1413B72ABE3A8A004FF880 /* Assignment_1.app */;
			productType = "com.apple.product-type.application";
		};
		9F1413CC2ABE3A8D004FF880 /* Assignment_1Tests */ = {
			isa = PBXNativeTarget;
			buildConfigurationList = 9F1413E42ABE3A8D004FF880 /* Build configuration list for PBXNativeTarget "Assignment_1Tests" */;
			buildPhases = (
				9F1413C92ABE3A8D004FF880 /* Sources */,
				9F1413CA2ABE3A8D004FF880 /* Frameworks */,
				9F1413CB2ABE3A8D004FF880 /* Resources */,
			);
			buildRules = (
			);
			dependencies = (
				9F1413CF2ABE3A8D004FF880 /* PBXTargetDependency */,
			);
			name = Assignment_1Tests;
			productName = Assignment_1Tests;
			productReference = 9F1413CD2ABE3A8D004FF880 /* Assignment_1Tests.xctest */;
			productType = "com.apple.product-type.bundle.unit-test";
		};
		9F1413D62ABE3A8D004FF880 /* Assignment_1UITests */ = {
			isa = PBXNativeTarget;
			buildConfigurationList = 9F1413E72ABE3A8D004FF880 /* Build configuration list for PBXNativeTarget "Assignment_1UITests" */;
			buildPhases = (
				9F1413D32ABE3A8D004FF880 /* Sources */,
				9F1413D42ABE3A8D004FF880 /* Frameworks */,
				9F1413D52ABE3A8D004FF880 /* Resources */,
			);
			buildRules = (
			);
			dependencies = (
				9F1413D92ABE3A8D004FF880 /* PBXTargetDependency */,
			);
			name = Assignment_1UITests;
			productName = Assignment_1UITests;
			productReference = 9F1413D72ABE3A8D004FF880 /* Assignment_1UITests.xctest */;
			productType = "com.apple.product-type.bundle.ui-testing";
		};
/* End PBXNativeTarget section */

/* Begin PBXProject section */
		9F1413AF2ABE3A8A004FF880 /* Project object */ = {
			isa = PBXProject;
			attributes = {
				BuildIndependentTargetsInParallel = 1;
				LastSwiftUpdateCheck = 1430;
				LastUpgradeCheck = 1430;
				TargetAttributes = {
					9F1413B62ABE3A8A004FF880 = {
						CreatedOnToolsVersion = 14.3.1;
					};
					9F1413CC2ABE3A8D004FF880 = {
						CreatedOnToolsVersion = 14.3.1;
						TestTargetID = 9F1413B62ABE3A8A004FF880;
					};
					9F1413D62ABE3A8D004FF880 = {
						CreatedOnToolsVersion = 14.3.1;
						TestTargetID = 9F1413B62ABE3A8A004FF880;
					};
				};
			};
			buildConfigurationList = 9F1413B22ABE3A8A004FF880 /* Build configuration list for PBXProject "Assignment_1" */;
			compatibilityVersion = "Xcode 14.0";
			developmentRegion = en;
			hasScannedForEncodings = 0;
			knownRegions = (
				en,
				Base,
			);
			mainGroup = 9F1413AE2ABE3A8A004FF880;
			productRefGroup = 9F1413B82ABE3A8A004FF880 /* Products */;
			projectDirPath = "";
			projectRoot = "";
			targets = (
				9F1413B62ABE3A8A004FF880 /* Assignment_1 */,
				9F1413CC2ABE3A8D004FF880 /* Assignment_1Tests */,
				9F1413D62ABE3A8D004FF880 /* Assignment_1UITests */,
			);
		};
/* End PBXProject section */

/* Begin PBXResourcesBuildPhase section */
		9F1413B52ABE3A8A004FF880 /* Resources */ = {
			isa = PBXResourcesBuildPhase;
			buildActionMask = 2147483647;
			files = (
				9F1413C72ABE3A8D004FF880 /* LaunchScreen.storyboard in Resources */,
				9F1413C42ABE3A8D004FF880 /* Assets.xcassets in Resources */,
				9F1413C22ABE3A8A004FF880 /* Main.storyboard in Resources */,
			);
			runOnlyForDeploymentPostprocessing = 0;
		};
		9F1413CB2ABE3A8D004FF880 /* Resources */ = {
			isa = PBXResourcesBuildPhase;
			buildActionMask = 2147483647;
			files = (
			);
			runOnlyForDeploymentPostprocessing = 0;
		};
		9F1413D52ABE3A8D004FF880 /* Resources */ = {
			isa = PBXResourcesBuildPhase;
			buildActionMask = 2147483647;
			files = (
			);
			runOnlyForDeploymentPostprocessing = 0;
		};
/* End PBXResourcesBuildPhase section */

/* Begin PBXSourcesBuildPhase section */
		9F1413B32ABE3A8A004FF880 /* Sources */ = {
			isa = PBXSourcesBuildPhase;
			buildActionMask = 2147483647;
			files = (
				9F1413BF2ABE3A8A004FF880 /* ViewController.swift in Sources */,
				9F1413BB2ABE3A8A004FF880 /* AppDelegate.swift in Sources */,
				9F1413BD2ABE3A8A004FF880 /* SceneDelegate.swift in Sources */,
				9F1413EB2ABE3AAA004FF880 /* Model.swift in Sources */,
			);
			runOnlyForDeploymentPostprocessing = 0;
		};
		9F1413C92ABE3A8D004FF880 /* Sources */ = {
			isa = PBXSourcesBuildPhase;
			buildActionMask = 2147483647;
			files = (
				9F1413D22ABE3A8D004FF880 /* Assignment_1Tests.swift in Sources */,
			);
			runOnlyForDeploymentPostprocessing = 0;
		};
		9F1413D32ABE3A8D004FF880 /* Sources */ = {
			isa = PBXSourcesBuildPhase;
			buildActionMask = 2147483647;
			files = (
				9F1413DC2ABE3A8D004FF880 /* Assignment_1UITests.swift in Sources */,
				9F1413DE2ABE3A8D004FF880 /* Assignment_1UITestsLaunchTests.swift in Sources */,
			);
			runOnlyForDeploymentPostprocessing = 0;
		};
/* End PBXSourcesBuildPhase section */

/* Begin PBXTargetDependency section */
		9F1413CF2ABE3A8D004FF880 /* PBXTargetDependency */ = {
			isa = PBXTargetDependency;
			target = 9F1413B62ABE3A8A004FF880 /* Assignment_1 */;
			targetProxy = 9F1413CE2ABE3A8D004FF880 /* PBXContainerItemProxy */;
		};
		9F1413D92ABE3A8D004FF880 /* PBXTargetDependency */ = {
			isa = PBXTargetDependency;
			target = 9F1413B62ABE3A8A004FF880 /* Assignment_1 */;
			targetProxy = 9F1413D82ABE3A8D004FF880 /* PBXContainerItemProxy */;
		};
/* End PBXTargetDependency section */

/* Begin PBXVariantGroup section */
		9F1413C02ABE3A8A004FF880 /* Main.storyboard */ = {
			isa = PBXVariantGroup;
			children = (
				9F1413C12ABE3A8A004FF880 /* Base */,
			);
			name = Main.storyboard;
			sourceTree = "<group>";
		};
		9F1413C52ABE3A8D004FF880 /* LaunchScreen.storyboard */ = {
			isa = PBXVariantGroup;
			children = (
				9F1413C62ABE3A8D004FF880 /* Base */,
			);
			name = LaunchScreen.storyboard;
			sourceTree = "<group>";
		};
/* End PBXVariantGroup section */

/* Begin XCBuildConfiguration section */
		9F1413DF2ABE3A8D004FF880 /* Debug */ = {
			isa = XCBuildConfiguration;
			buildSettings = {
				ALWAYS_SEARCH_USER_PATHS = NO;
				CLANG_ANALYZER_NONNULL = YES;
				CLANG_ANALYZER_NUMBER_OBJECT_CONVERSION = YES_AGGRESSIVE;
				CLANG_CXX_LANGUAGE_STANDARD = "gnu++20";
				CLANG_ENABLE_MODULES = YES;
				CLANG_ENABLE_OBJC_ARC = YES;
				CLANG_ENABLE_OBJC_WEAK = YES;
				CLANG_WARN_BLOCK_CAPTURE_AUTORELEASING = YES;
				CLANG_WARN_BOOL_CONVERSION = YES;
				CLANG_WARN_COMMA = YES;
				CLANG_WARN_CONSTANT_CONVERSION = YES;
				CLANG_WARN_DEPRECATED_OBJC_IMPLEMENTATIONS = YES;
				CLANG_WARN_DIRECT_OBJC_ISA_USAGE = YES_ERROR;
				CLANG_WARN_DOCUMENTATION_COMMENTS = YES;
				CLANG_WARN_EMPTY_BODY = YES;
				CLANG_WARN_ENUM_CONVERSION = YES;
				CLANG_WARN_INFINITE_RECURSION = YES;
				CLANG_WARN_INT_CONVERSION = YES;
				CLANG_WARN_NON_LITERAL_NULL_CONVERSION = YES;
				CLANG_WARN_OBJC_IMPLICIT_RETAIN_SELF = YES;
				CLANG_WARN_OBJC_LITERAL_CONVERSION = YES;
				CLANG_WARN_OBJC_ROOT_CLASS = YES_ERROR;
				CLANG_WARN_QUOTED_INCLUDE_IN_FRAMEWORK_HEADER = YES;
				CLANG_WARN_RANGE_LOOP_ANALYSIS = YES;
				CLANG_WARN_STRICT_PROTOTYPES = YES;
				CLANG_WARN_SUSPICIOUS_MOVE = YES;
				CLANG_WARN_UNGUARDED_AVAILABILITY = YES_AGGRESSIVE;
				CLANG_WARN_UNREACHABLE_CODE = YES;
				CLANG_WARN__DUPLICATE_METHOD_MATCH = YES;
				COPY_PHASE_STRIP = NO;
				DEBUG_INFORMATION_FORMAT = dwarf;
				ENABLE_STRICT_OBJC_MSGSEND = YES;
				ENABLE_TESTABILITY = YES;
				GCC_C_LANGUAGE_STANDARD = gnu11;
				GCC_DYNAMIC_NO_PIC = NO;
				GCC_NO_COMMON_BLOCKS = YES;
				GCC_OPTIMIZATION_LEVEL = 0;
				GCC_PREPROCESSOR_DEFINITIONS = (
					"DEBUG=1",
					"$(inherited)",
				);
				GCC_WARN_64_TO_32_BIT_CONVERSION = YES;
				GCC_WARN_ABOUT_RETURN_TYPE = YES_ERROR;
				GCC_WARN_UNDECLARED_SELECTOR = YES;
				GCC_WARN_UNINITIALIZED_AUTOS = YES_AGGRESSIVE;
				GCC_WARN_UNUSED_FUNCTION = YES;
				GCC_WARN_UNUSED_VARIABLE = YES;
				IPHONEOS_DEPLOYMENT_TARGET = 16.4;
				MTL_ENABLE_DEBUG_INFO = INCLUDE_SOURCE;
				MTL_FAST_MATH = YES;
				ONLY_ACTIVE_ARCH = YES;
				SDKROOT = iphoneos;
				SWIFT_ACTIVE_COMPILATION_CONDITIONS = DEBUG;
				SWIFT_OPTIMIZATION_LEVEL = "-Onone";
			};
			name = Debug;
		};
		9F1413E02ABE3A8D004FF880 /* Release */ = {
			isa = XCBuildConfiguration;
			buildSettings = {
				ALWAYS_SEARCH_USER_PATHS = NO;
				CLANG_ANALYZER_NONNULL = YES;
				CLANG_ANALYZER_NUMBER_OBJECT_CONVERSION = YES_AGGRESSIVE;
				CLANG_CXX_LANGUAGE_STANDARD = "gnu++20";
				CLANG_ENABLE_MODULES = YES;
				CLANG_ENABLE_OBJC_ARC = YES;
				CLANG_ENABLE_OBJC_WEAK = YES;
				CLANG_WARN_BLOCK_CAPTURE_AUTORELEASING = YES;
				CLANG_WARN_BOOL_CONVERSION = YES;
				CLANG_WARN_COMMA = YES;
				CLANG_WARN_CONSTANT_CONVERSION = YES;
				CLANG_WARN_DEPRECATED_OBJC_IMPLEMENTATIONS = YES;
				CLANG_WARN_DIRECT_OBJC_ISA_USAGE = YES_ERROR;
				CLANG_WARN_DOCUMENTATION_COMMENTS = YES;
				CLANG_WARN_EMPTY_BODY = YES;
				CLANG_WARN_ENUM_CONVERSION = YES;
				CLANG_WARN_INFINITE_RECURSION = YES;
				CLANG_WARN_INT_CONVERSION = YES;
				CLANG_WARN_NON_LITERAL_NULL_CONVERSION = YES;
				CLANG_WARN_OBJC_IMPLICIT_RETAIN_SELF = YES;
				CLANG_WARN_OBJC_LITERAL_CONVERSION = YES;
				CLANG_WARN_OBJC_ROOT_CLASS = YES_ERROR;
				CLANG_WARN_QUOTED_INCLUDE_IN_FRAMEWORK_HEADER = YES;
				CLANG_WARN_RANGE_LOOP_ANALYSIS = YES;
				CLANG_WARN_STRICT_PROTOTYPES = YES;
				CLANG_WARN_SUSPICIOUS_MOVE = YES;
				CLANG_WARN_UNGUARDED_AVAILABILITY = YES_AGGRESSIVE;
				CLANG_WARN_UNREACHABLE_CODE = YES;
				CLANG_WARN__DUPLICATE_METHOD_MATCH = YES;
				COPY_PHASE_STRIP = NO;
				DEBUG_INFORMATION_FORMAT = "dwarf-with-dsym";
				ENABLE_NS_ASSERTIONS = NO;
				ENABLE_STRICT_OBJC_MSGSEND = YES;
				GCC_C_LANGUAGE_STANDARD = gnu11;
				GCC_NO_COMMON_BLOCKS = YES;
				GCC_WARN_64_TO_32_BIT_CONVERSION = YES;
				GCC_WARN_ABOUT_RETURN_TYPE = YES_ERROR;
				GCC_WARN_UNDECLARED_SELECTOR = YES;
				GCC_WARN_UNINITIALIZED_AUTOS = YES_AGGRESSIVE;
				GCC_WARN_UNUSED_FUNCTION = YES;
				GCC_WARN_UNUSED_VARIABLE = YES;
				IPHONEOS_DEPLOYMENT_TARGET = 16.4;
				MTL_ENABLE_DEBUG_INFO = NO;
				MTL_FAST_MATH = YES;
				SDKROOT = iphoneos;
				SWIFT_COMPILATION_MODE = wholemodule;
				SWIFT_OPTIMIZATION_LEVEL = "-O";
				VALIDATE_PRODUCT = YES;
			};
			name = Release;
		};
		9F1413E22ABE3A8D004FF880 /* Debug */ = {
			isa = XCBuildConfiguration;
			buildSettings = {
				ASSETCATALOG_COMPILER_APPICON_NAME = AppIcon;
				ASSETCATALOG_COMPILER_GLOBAL_ACCENT_COLOR_NAME = AccentColor;
				CODE_SIGN_STYLE = Automatic;
				CURRENT_PROJECT_VERSION = 1;
				DEVELOPMENT_TEAM = 4H8356W2BJ;
				GENERATE_INFOPLIST_FILE = YES;
				INFOPLIST_FILE = Assignment_1/Info.plist;
				INFOPLIST_KEY_UIApplicationSupportsIndirectInputEvents = YES;
				INFOPLIST_KEY_UILaunchStoryboardName = LaunchScreen;
				INFOPLIST_KEY_UIMainStoryboardFile = Main;
				INFOPLIST_KEY_UISupportedInterfaceOrientations_iPad = "UIInterfaceOrientationPortrait UIInterfaceOrientationPortraitUpsideDown UIInterfaceOrientationLandscapeLeft UIInterfaceOrientationLandscapeRight";
				INFOPLIST_KEY_UISupportedInterfaceOrientations_iPhone = "UIInterfaceOrientationPortrait UIInterfaceOrientationLandscapeLeft UIInterfaceOrientationLandscapeRight";
				LD_RUNPATH_SEARCH_PATHS = (
					"$(inherited)",
					"@executable_path/Frameworks",
				);
				MARKETING_VERSION = 1.0;
				PRODUCT_BUNDLE_IDENTIFIER = "ITE5334.Assignment-1";
				PRODUCT_NAME = "$(TARGET_NAME)";
				SWIFT_EMIT_LOC_STRINGS = YES;
				SWIFT_VERSION = 5.0;
				TARGETED_DEVICE_FAMILY = "1,2";
			};
			name = Debug;
		};
		9F1413E32ABE3A8D004FF880 /* Release */ = {
			isa = XCBuildConfiguration;
			buildSettings = {
				ASSETCATALOG_COMPILER_APPICON_NAME = AppIcon;
				ASSETCATALOG_COMPILER_GLOBAL_ACCENT_COLOR_NAME = AccentColor;
				CODE_SIGN_STYLE = Automatic;
				CURRENT_PROJECT_VERSION = 1;
				DEVELOPMENT_TEAM = 4H8356W2BJ;
				GENERATE_INFOPLIST_FILE = YES;
				INFOPLIST_FILE = Assignment_1/Info.plist;
				INFOPLIST_KEY_UIApplicationSupportsIndirectInputEvents = YES;
				INFOPLIST_KEY_UILaunchStoryboardName = LaunchScreen;
				INFOPLIST_KEY_UIMainStoryboardFile = Main;
				INFOPLIST_KEY_UISupportedInterfaceOrientations_iPad = "UIInterfaceOrientationPortrait UIInterfaceOrientationPortraitUpsideDown UIInterfaceOrientationLandscapeLeft UIInterfaceOrientationLandscapeRight";
				INFOPLIST_KEY_UISupportedInterfaceOrientations_iPhone = "UIInterfaceOrientationPortrait UIInterfaceOrientationLandscapeLeft UIInterfaceOrientationLandscapeRight";
				LD_RUNPATH_SEARCH_PATHS = (
					"$(inherited)",
					"@executable_path/Frameworks",
				);
				MARKETING_VERSION = 1.0;
				PRODUCT_BUNDLE_IDENTIFIER = "ITE5334.Assignment-1";
				PRODUCT_NAME = "$(TARGET_NAME)";
				SWIFT_EMIT_LOC_STRINGS = YES;
				SWIFT_VERSION = 5.0;
				TARGETED_DEVICE_FAMILY = "1,2";
			};
			name = Release;
		};
		9F1413E52ABE3A8D004FF880 /* Debug */ = {
			isa = XCBuildConfiguration;
			buildSettings = {
				ALWAYS_EMBED_SWIFT_STANDARD_LIBRARIES = YES;
				BUNDLE_LOADER = "$(TEST_HOST)";
				CODE_SIGN_STYLE = Automatic;
				CURRENT_PROJECT_VERSION = 1;
				GENERATE_INFOPLIST_FILE = YES;
				IPHONEOS_DEPLOYMENT_TARGET = 16.4;
				MARKETING_VERSION = 1.0;
				PRODUCT_BUNDLE_IDENTIFIER = "ITE5334.Assignment-1Tests";
				PRODUCT_NAME = "$(TARGET_NAME)";
				SWIFT_EMIT_LOC_STRINGS = NO;
				SWIFT_VERSION = 5.0;
				TARGETED_DEVICE_FAMILY = "1,2";
				TEST_HOST = "$(BUILT_PRODUCTS_DIR)/Assignment_1.app/$(BUNDLE_EXECUTABLE_FOLDER_PATH)/Assignment_1";
			};
			name = Debug;
		};
		9F1413E62ABE3A8D004FF880 /* Release */ = {
			isa = XCBuildConfiguration;
			buildSettings = {
				ALWAYS_EMBED_SWIFT_STANDARD_LIBRARIES = YES;
				BUNDLE_LOADER = "$(TEST_HOST)";
				CODE_SIGN_STYLE = Automatic;
				CURRENT_PROJECT_VERSION = 1;
				GENERATE_INFOPLIST_FILE = YES;
				IPHONEOS_DEPLOYMENT_TARGET = 16.4;
				MARKETING_VERSION = 1.0;
				PRODUCT_BUNDLE_IDENTIFIER = "ITE5334.Assignment-1Tests";
				PRODUCT_NAME = "$(TARGET_NAME)";
				SWIFT_EMIT_LOC_STRINGS = NO;
				SWIFT_VERSION = 5.0;
				TARGETED_DEVICE_FAMILY = "1,2";
				TEST_HOST = "$(BUILT_PRODUCTS_DIR)/Assignment_1.app/$(BUNDLE_EXECUTABLE_FOLDER_PATH)/Assignment_1";
			};
			name = Release;
		};
		9F1413E82ABE3A8D004FF880 /* Debug */ = {
			isa = XCBuildConfiguration;
			buildSettings = {
				ALWAYS_EMBED_SWIFT_STANDARD_LIBRARIES = YES;
				CODE_SIGN_STYLE = Automatic;
				CURRENT_PROJECT_VERSION = 1;
				GENERATE_INFOPLIST_FILE = YES;
				MARKETING_VERSION = 1.0;
				PRODUCT_BUNDLE_IDENTIFIER = "ITE5334.Assignment-1UITests";
				PRODUCT_NAME = "$(TARGET_NAME)";
				SWIFT_EMIT_LOC_STRINGS = NO;
				SWIFT_VERSION = 5.0;
				TARGETED_DEVICE_FAMILY = "1,2";
				TEST_TARGET_NAME = Assignment_1;
			};
			name = Debug;
		};
		9F1413E92ABE3A8D004FF880 /* Release */ = {
			isa = XCBuildConfiguration;
			buildSettings = {
				ALWAYS_EMBED_SWIFT_STANDARD_LIBRARIES = YES;
				CODE_SIGN_STYLE = Automatic;
				CURRENT_PROJECT_VERSION = 1;
				GENERATE_INFOPLIST_FILE = YES;
				MARKETING_VERSION = 1.0;
				PRODUCT_BUNDLE_IDENTIFIER = "ITE5334.Assignment-1UITests";
				PRODUCT_NAME = "$(TARGET_NAME)";
				SWIFT_EMIT_LOC_STRINGS = NO;
				SWIFT_VERSION = 5.0;
				TARGETED_DEVICE_FAMILY = "1,2";
				TEST_TARGET_NAME = Assignment_1;
			};
			name = Release;
		};
/* End XCBuildConfiguration section */

/* Begin XCConfigurationList section */
		9F1413B22ABE3A8A004FF880 /* Build configuration list for PBXProject "Assignment_1" */ = {
			isa = XCConfigurationList;
			buildConfigurations = (
				9F1413DF2ABE3A8D004FF880 /* Debug */,
				9F1413E02ABE3A8D004FF880 /* Release */,
			);
			defaultConfigurationIsVisible = 0;
			defaultConfigurationName = Release;
		};
		9F1413E12ABE3A8D004FF880 /* Build configuration list for PBXNativeTarget "Assignment_1" */ = {
			isa = XCConfigurationList;
			buildConfigurations = (
				9F1413E22ABE3A8D004FF880 /* Debug */,
				9F1413E32ABE3A8D004FF880 /* Release */,
			);
			defaultConfigurationIsVisible = 0;
			defaultConfigurationName = Release;
		};
		9F1413E42ABE3A8D004FF880 /* Build configuration list for PBXNativeTarget "Assignment_1Tests" */ = {
			isa = XCConfigurationList;
			buildConfigurations = (
				9F1413E52ABE3A8D004FF880 /* Debug */,
				9F1413E62ABE3A8D004FF880 /* Release */,
			);
			defaultConfigurationIsVisible = 0;
			defaultConfigurationName = Release;
		};
		9F1413E72ABE3A8D004FF880 /* Build configuration list for PBXNativeTarget "Assignment_1UITests" */ = {
			isa = XCConfigurationList;
			buildConfigurations = (
				9F1413E82ABE3A8D004FF880 /* Debug */,
				9F1413E92ABE3A8D004FF880 /* Release */,
			);
			defaultConfigurationIsVisible = 0;
			defaultConfigurationName = Release;
		};
/* End XCConfigurationList section */
	};
	rootObject = 9F1413AF2ABE3A8A004FF880 /* Project object */;
}
